
Microsoft Visual Studio Solution File, Format Version 12.00
# Visual Studio 15
VisualStudioVersion = 15.0.27130.0
MinimumVisualStudioVersion = 10.0.40219.1
Project("{FAE04EC0-301F-11D3-BF4B-00C04F79EFBC}") = "DemoLession1", "DemoLession1\DemoLession1.csproj", "{C6A6BC9E-B915-401B-A841-2C9753CE42FA}"
EndProject
Global
	GlobalSection(SolutionConfigurationPlatforms) = preSolution
		Debug|Any CPU = Debug|Any CPU
		Release|Any CPU = Release|Any CPU
	EndGlobalSection
	GlobalSection(ProjectConfigurationPlatforms) = postSolution
		{C6A6BC9E-B915-401B-A841-2C9753CE42FA}.Debug|Any CPU.ActiveCfg = Debug|Any CPU
		{C6A6BC9E-B915-401B-A841-2C9753CE42FA}.Debug|Any CPU.Build.0 = Debug|Any CPU
		{C6A6BC9E-B915-401B-A841-2C9753CE42FA}.Release|Any CPU.ActiveCfg = Release|Any CPU
		{C6A6BC9E-B915-401B-A841-2C9753CE42FA}.Release|Any CPU.Build.0 = Release|Any CPU
	EndGlobalSection
	GlobalSection(SolutionProperties) = preSolution
		HideSolutionNode = FALSE
	EndGlobalSection
	GlobalSection(ExtensibilityGlobals) = postSolution
		SolutionGuid = {B6850843-5C4A-4004-8025-E50483D47CBB}
	EndGlobalSection
EndGlobal
